
Microsoft Visual Studio Solution File, Format Version 12.00
# Visual Studio Version 16
VisualStudioVersion = 16.0.30330.147
MinimumVisualStudioVersion = 10.0.40219.1
Project("{9A19103F-16F7-4668-BE54-9A1E7A4F7556}") = "leave-management", "leave-management\leave-management.csproj", "{93152433-0C44-412D-A3A1-0D9C205614BB}"
EndProject
Project("{FAE04EC0-301F-11D3-BF4B-00C04F79EFBC}") = "EntityDomain", "EntityDomain\EntityDomain.csproj", "{C47E79DE-5F5B-4CC0-89B0-A059B09DF016}"
EndProject
Global
	GlobalSection(SolutionConfigurationPlatforms) = preSolution
		Debug|Any CPU = Debug|Any CPU
		Release|Any CPU = Release|Any CPU
	EndGlobalSection
	GlobalSection(ProjectConfigurationPlatforms) = postSolution
		{93152433-0C44-412D-A3A1-0D9C205614BB}.Debug|Any CPU.ActiveCfg = Debug|Any CPU
		{93152433-0C44-412D-A3A1-0D9C205614BB}.Debug|Any CPU.Build.0 = Debug|Any CPU
		{93152433-0C44-412D-A3A1-0D9C205614BB}.Release|Any CPU.ActiveCfg = Release|Any CPU
		{93152433-0C44-412D-A3A1-0D9C205614BB}.Release|Any CPU.Build.0 = Release|Any CPU
		{C47E79DE-5F5B-4CC0-89B0-A059B09DF016}.Debug|Any CPU.ActiveCfg = Debug|Any CPU
		{C47E79DE-5F5B-4CC0-89B0-A059B09DF016}.Debug|Any CPU.Build.0 = Debug|Any CPU
		{C47E79DE-5F5B-4CC0-89B0-A059B09DF016}.Release|Any CPU.ActiveCfg = Release|Any CPU
		{C47E79DE-5F5B-4CC0-89B0-A059B09DF016}.Release|Any CPU.Build.0 = Release|Any CPU
	EndGlobalSection
	GlobalSection(SolutionProperties) = preSolution
		HideSolutionNode = FALSE
	EndGlobalSection
	GlobalSection(ExtensibilityGlobals) = postSolution
		SolutionGuid = {CAE849A8-E369-47D5-82B9-9A7398CAE94E}
	EndGlobalSection
EndGlobal
